
Microsoft Visual Studio Solution File, Format Version 12.00
# Visual Studio Version 17
VisualStudioVersion = 17.10.35122.118
MinimumVisualStudioVersion = 10.0.40219.1
Project("{FAE04EC0-301F-11D3-BF4B-00C04F79EFBC}") = "TimeSync", "TimeSync.csproj", "{56D5CF79-C63B-4732-8CDA-93AE3BF42445}"
EndProject
Global
	GlobalSection(SolutionConfigurationPlatforms) = preSolution
		Debug|Any CPU = Debug|Any CPU
		Release|Any CPU = Release|Any CPU
	EndGlobalSection
	GlobalSection(ProjectConfigurationPlatforms) = postSolution
		{56D5CF79-C63B-4732-8CDA-93AE3BF42445}.Debug|Any CPU.ActiveCfg = Debug|Any CPU
		{56D5CF79-C63B-4732-8CDA-93AE3BF42445}.Debug|Any CPU.Build.0 = Debug|Any CPU
		{56D5CF79-C63B-4732-8CDA-93AE3BF42445}.Release|Any CPU.ActiveCfg = Release|Any CPU
		{56D5CF79-C63B-4732-8CDA-93AE3BF42445}.Release|Any CPU.Build.0 = Release|Any CPU
	EndGlobalSection
	GlobalSection(SolutionProperties) = preSolution
		HideSolutionNode = FALSE
	EndGlobalSection
	GlobalSection(ExtensibilityGlobals) = postSolution
		SolutionGuid = {0346B6FB-A21D-4C72-BA0C-38F847CC60EF}
	EndGlobalSection
EndGlobal
